<?xml version="1.0" encoding="utf-8"?>
<Project xmlns="http://schemas.microsoft.com/developer/msbuild/2003">
  <ItemGroup>
    <Filter Include="Form Files">
      <UniqueIdentifier>{99349809-55BA-4b9d-BF79-8FDBB0286EB3}</UniqueIdentifier>
      <Extensions>ui</Extensions>
      <ParseFiles>false</ParseFiles>
    </Filter>
    <Filter Include="Form Files">
      <UniqueIdentifier>{99349809-55BA-4b9d-BF79-8FDBB0286EB3}</UniqueIdentifier>
      <Extensions>ui</Extensions>
      <ParseFiles>false</ParseFiles>
    </Filter>
    <Filter Include="Generated Files">
      <UniqueIdentifier>{71ED8ED8-ACB9-4CE9-BBE1-E00B30144E11}</UniqueIdentifier>
      <Extensions>cpp;c;cxx;moc;h;def;odl;idl;res;</Extensions>
    </Filter>
    <Filter Include="Generated Files">
      <UniqueIdentifier>{71ED8ED8-ACB9-4CE9-BBE1-E00B30144E11}</UniqueIdentifier>
      <Extensions>cpp;c;cxx;moc;h;def;odl;idl;res;</Extensions>
    </Filter>
    <Filter Include="Header Files">
      <UniqueIdentifier>{93995380-89BD-4b04-88EB-625FBE52EBFB}</UniqueIdentifier>
      <Extensions>h;hpp;hxx;hm;inl;inc;xsd</Extensions>
    </Filter>
    <Filter Include="Header Files">
      <UniqueIdentifier>{93995380-89BD-4b04-88EB-625FBE52EBFB}</UniqueIdentifier>
      <Extensions>h;hpp;hxx;hm;inl;inc;xsd</Extensions>
    </Filter>
    <Filter Include="Source Files">
      <UniqueIdentifier>{4FC737F1-C7A5-4376-A066-2A32D752A2FF}</UniqueIdentifier>
      <Extensions>cpp;c;cxx;def;odl;idl;hpj;bat;asm;asmx</Extensions>
    </Filter>
    <Filter Include="Source Files">
      <UniqueIdentifier>{4FC737F1-C7A5-4376-A066-2A32D752A2FF}</UniqueIdentifier>
      <Extensions>cpp;c;cxx;def;odl;idl;hpj;bat;asm;asmx</Extensions>
    </Filter>
  </ItemGroup>
  <ItemGroup>
    <ClCompile Include="Src\main.cpp">
      <Filter>Source Files</Filter>
    </ClCompile>
    <ClCompile Include="Src\mainwindow.cpp">
      <Filter>Source Files</Filter>
    </ClCompile>
    <ClCompile Include="Src\parameterssetting.cpp">
      <Filter>Generated Files</Filter>
    </ClCompile>
    <ClCompile Include="Src\MySerialport.cpp">
      <Filter>Generated Files</Filter>
    </ClCompile>
    <ClCompile Include="Src\Config.cpp">
      <Filter>Generated Files</Filter>
    </ClCompile>
    <ClCompile Include="Src\takephoto.cpp">
      <Filter>Generated Files</Filter>
    </ClCompile>
    <ClCompile Include="release\moc_mainwindow.cpp">
      <Filter>Generated Files</Filter>
    </ClCompile>
    <ClCompile Include="release\moc_parameterssetting.cpp">
      <Filter>Generated Files</Filter>
    </ClCompile>
    <ClCompile Include="release\moc_takephoto.cpp">
      <Filter>Generated Files</Filter>
    </ClCompile>
    <ClCompile Include="Src\alertwindow.cpp">
      <Filter>Generated Files</Filter>
    </ClCompile>
    <ClCompile Include="Src\MyThread.cpp">
      <Filter>Generated Files</Filter>
    </ClCompile>
  </ItemGroup>
  <ItemGroup>
    <CustomBuild Include="debug\moc_predefs.h.cbt">
      <Filter>Generated Files</Filter>
    </CustomBuild>
    <CustomBuild Include="release\moc_predefs.h.cbt">
      <Filter>Generated Files</Filter>
    </CustomBuild>
  </ItemGroup>
  <ItemGroup>
    <QtUic Include="mainwindow.ui">
      <Filter>Form Files</Filter>
    </QtUic>
    <QtUic Include="parameterssetting.ui">
      <Filter>Form Files</Filter>
    </QtUic>
    <QtUic Include="takephoto.ui">
      <Filter>Form Files</Filter>
    </QtUic>
    <QtUic Include="alertwindow.ui">
      <Filter>Form Files</Filter>
    </QtUic>
  </ItemGroup>
  <ItemGroup>
    <QtMoc Include="Src\mainwindow.h">
      <Filter>Header Files</Filter>
    </QtMoc>
    <QtMoc Include="Src\parameterssetting.h">
      <Filter>Generated Files</Filter>
    </QtMoc>
    <QtMoc Include="Src\takephoto.h">
      <Filter>Generated Files</Filter>
    </QtMoc>
    <QtMoc Include="Src\alertwindow.h">
      <Filter>Generated Files</Filter>
    </QtMoc>
    <QtMoc Include="Src\MyThread.h">
      <Filter>Generated Files</Filter>
    </QtMoc>
  </ItemGroup>
  <ItemGroup>
    <ClInclude Include="Src\MessageQue.h">
      <Filter>Generated Files</Filter>
    </ClInclude>
    <ClInclude Include="Src\MySerialport.h">
      <Filter>Generated Files</Filter>
    </ClInclude>
    <ClInclude Include="Src\Config.h">
      <Filter>Generated Files</Filter>
    </ClInclude>
    <ClInclude Include="release\moc_predefs.h">
      <Filter>Generated Files</Filter>
    </ClInclude>
    <ClInclude Include="resource.h">
      <Filter>Generated Files</Filter>
    </ClInclude>
    <ClInclude Include="F:\code\python\labelImg\dist\labelImg\Include\pyconfig.h">
      <Filter>Generated Files</Filter>
    </ClInclude>
  </ItemGroup>
  <ItemGroup>
    <None Include="readme.md" />
    <None Include="sum.exe" />
    <None Include="database.exe" />
    <None Include="release\Config\conf.ini" />
    <None Include="release\iconengines\qsvgicon.dll" />
    <None Include="release\imageformats\qgif.dll" />
    <None Include="release\imageformats\qicns.dll" />
    <None Include="release\imageformats\qico.dll" />
    <None Include="release\imageformats\qjpeg.dll" />
    <None Include="release\imageformats\qsvg.dll" />
    <None Include="release\imageformats\qtga.dll" />
    <None Include="release\imageformats\qtiff.dll" />
    <None Include="release\imageformats\qwbmp.dll" />
    <None Include="release\imageformats\qwebp.dll" />
    <None Include="release\platforms\qwindows.dll" />
    <None Include="release\styles\qwindowsvistastyle.dll" />
    <None Include="release\D3Dcompiler_47.dll" />
    <None Include="release\ImageConvert.dll" />
    <None Include="release\libEGL.dll" />
    <None Include="release\libGLESV2.dll" />
    <None Include="release\opengl32sw.dll" />
    <None Include="release\Qt5Core.dll" />
    <None Include="release\Qt5Gui.dll" />
    <None Include="release\Qt5Svg.dll" />
    <None Include="release\Qt5Widgets.dll" />
    <None Include="release\QtMainWidget.exe" />
    <None Include="release\SDKLOG_default.properties" />
    <None Include="release\VideoRender.dll" />
    <None Include="debug\VideoRender.dll" />
    <None Include="debug\ImageConvert.dll" />
    <None Include="x64\Release\Config\conf.ini" />
  </ItemGroup>
  <ItemGroup>
    <Image Include="Img\1.png" />
    <Image Include="Img\dailyuse.jpg" />
    <Image Include="book.ico" />
    <Image Include="Img\bug.png" />
    <Image Include="Img\日常使用.jpg" />
    <Image Include="Img\多线程错误.png" />
    <Image Include="Img\多线程错误2.jpg" />
    <Image Include="book_128px.ico" />
    <Image Include="jiuge-new.jpg" />
    <Image Include="..\Pic\Pic (1).bmp" />
    <Image Include="..\Pic\Pic (1)-cut.png" />
  </ItemGroup>
  <ItemGroup>
    <Library Include="Depends\x64\vs2013shared\ImageConvert.lib" />
    <Library Include="Depends\x64\vs2013shared\MVSDKmd.lib" />
    <Library Include="Depends\x64\vs2013shared\VideoRender.lib" />
    <Library Include="Depends\x64\vs2013shared\python37.lib" />
  </ItemGroup>
  <ItemGroup>
    <ResourceCompile Include="QtMainWidget.rc" />
  </ItemGroup>
  <ItemGroup>
    <Text Include="config" />
  </ItemGroup>
</Project>