<?xml version="1.0" encoding="utf-8"?>
<Project xmlns="http://schemas.microsoft.com/developer/msbuild/2003">
  <ItemGroup>
    <Filter Include="Form Files">
      <UniqueIdentifier>{99349809-55BA-4b9d-BF79-8FDBB0286EB3}</UniqueIdentifier>
      <Extensions>ui</Extensions>
      <ParseFiles>false</ParseFiles>
    </Filter>
    <Filter Include="Form Files">
      <UniqueIdentifier>{99349809-55BA-4b9d-BF79-8FDBB0286EB3}</UniqueIdentifier>
      <Extensions>ui</Extensions>
      <ParseFiles>false</ParseFiles>
    </Filter>
    <Filter Include="Generated Files">
      <UniqueIdentifier>{71ED8ED8-ACB9-4CE9-BBE1-E00B30144E11}</UniqueIdentifier>
      <Extensions>cpp;c;cxx;moc;h;def;odl;idl;res;</Extensions>
    </Filter>
    <Filter Include="Generated Files">
      <UniqueIdentifier>{71ED8ED8-ACB9-4CE9-BBE1-E00B30144E11}</UniqueIdentifier>
      <Extensions>cpp;c;cxx;moc;h;def;odl;idl;res;</Extensions>
    </Filter>
    <Filter Include="Header Files">
      <UniqueIdentifier>{93995380-89BD-4b04-88EB-625FBE52EBFB}</UniqueIdentifier>
      <Extensions>h;hpp;hxx;hm;inl;inc;xsd</Extensions>
    </Filter>
    <Filter Include="Header Files">
      <UniqueIdentifier>{93995380-89BD-4b04-88EB-625FBE52EBFB}</UniqueIdentifier>
      <Extensions>h;hpp;hxx;hm;inl;inc;xsd</Extensions>
    </Filter>
    <Filter Include="Source Files">
      <UniqueIdentifier>{4FC737F1-C7A5-4376-A066-2A32D752A2FF}</UniqueIdentifier>
      <Extensions>cpp;c;cxx;def;odl;idl;hpj;bat;asm;asmx</Extensions>
    </Filter>
    <Filter Include="Source Files">
      <UniqueIdentifier>{4FC737F1-C7A5-4376-A066-2A32D752A2FF}</UniqueIdentifier>
      <Extensions>cpp;c;cxx;def;odl;idl;hpj;bat;asm;asmx</Extensions>
    </Filter>
  </ItemGroup>
  <ItemGroup>
    <ClCompile Include="Src\main.cpp">
      <Filter>Source Files</Filter>
    </ClCompile>
    <ClCompile Include="Src\mainwindow.cpp">
      <Filter>Source Files</Filter>
    </ClCompile>
    <ClCompile Include="Src\parameterssetting.cpp">
      <Filter>Generated Files</Filter>
    </ClCompile>
    <ClCompile Include="Src\MySerialport.cpp">
      <Filter>Generated Files</Filter>
    </ClCompile>
    <ClCompile Include="Src\Config.cpp">
      <Filter>Generated Files</Filter>
    </ClCompile>
  </ItemGroup>
  <ItemGroup>
    <CustomBuild Include="debug\moc_predefs.h.cbt">
      <Filter>Generated Files</Filter>
    </CustomBuild>
    <CustomBuild Include="release\moc_predefs.h.cbt">
      <Filter>Generated Files</Filter>
    </CustomBuild>
  </ItemGroup>
  <ItemGroup>
    <QtUic Include="mainwindow.ui">
      <Filter>Form Files</Filter>
    </QtUic>
    <QtUic Include="parameterssetting.ui">
      <Filter>Form Files</Filter>
    </QtUic>
  </ItemGroup>
  <ItemGroup>
    <QtMoc Include="Src\mainwindow.h">
      <Filter>Header Files</Filter>
    </QtMoc>
    <QtMoc Include="Src\parameterssetting.h">
      <Filter>Generated Files</Filter>
    </QtMoc>
  </ItemGroup>
  <ItemGroup>
    <ClInclude Include="Include\GenICam\CAPI\IntTypes.h">
      <Filter>Generated Files</Filter>
    </ClInclude>
    <ClInclude Include="Include\GenICam\CAPI\SDK.h">
      <Filter>Generated Files</Filter>
    </ClInclude>
    <ClInclude Include="Include\GenICam\GigE\GigECamera.h">
      <Filter>Generated Files</Filter>
    </ClInclude>
    <ClInclude Include="Include\GenICam\GigE\GigEInterface.h">
      <Filter>Generated Files</Filter>
    </ClInclude>
    <ClInclude Include="Include\GenICam\Usb\UsbCamera.h">
      <Filter>Generated Files</Filter>
    </ClInclude>
    <ClInclude Include="Include\GenICam\Usb\UsbInterface.h">
      <Filter>Generated Files</Filter>
    </ClInclude>
    <ClInclude Include="Include\GenICam\AcquisitionControl.h">
      <Filter>Generated Files</Filter>
    </ClInclude>
    <ClInclude Include="Include\GenICam\AnalogControl.h">
      <Filter>Generated Files</Filter>
    </ClInclude>
    <ClInclude Include="Include\GenICam\Camera.h">
      <Filter>Generated Files</Filter>
    </ClInclude>
    <ClInclude Include="Include\GenICam\Defs.h">
      <Filter>Generated Files</Filter>
    </ClInclude>
    <ClInclude Include="Include\GenICam\DeviceControl.h">
      <Filter>Generated Files</Filter>
    </ClInclude>
    <ClInclude Include="Include\GenICam\DigitalIOControl.h">
      <Filter>Generated Files</Filter>
    </ClInclude>
    <ClInclude Include="Include\GenICam\ErrorCode.h">
      <Filter>Generated Files</Filter>
    </ClInclude>
    <ClInclude Include="Include\GenICam\EventSubscribe.h">
      <Filter>Generated Files</Filter>
    </ClInclude>
    <ClInclude Include="Include\GenICam\Frame.h">
      <Filter>Generated Files</Filter>
    </ClInclude>
    <ClInclude Include="Include\GenICam\ImageFormatControl.h">
      <Filter>Generated Files</Filter>
    </ClInclude>
    <ClInclude Include="Include\GenICam\ISPControl.h">
      <Filter>Generated Files</Filter>
    </ClInclude>
    <ClInclude Include="Include\GenICam\ParameterNode.h">
      <Filter>Generated Files</Filter>
    </ClInclude>
    <ClInclude Include="Include\GenICam\PixelType.h">
      <Filter>Generated Files</Filter>
    </ClInclude>
    <ClInclude Include="Include\GenICam\StreamSource.h">
      <Filter>Generated Files</Filter>
    </ClInclude>
    <ClInclude Include="Include\GenICam\System.h">
      <Filter>Generated Files</Filter>
    </ClInclude>
    <ClInclude Include="Include\GenICam\TransportLayerControl.h">
      <Filter>Generated Files</Filter>
    </ClInclude>
    <ClInclude Include="Include\GenICam\UserSetControl.h">
      <Filter>Generated Files</Filter>
    </ClInclude>
    <ClInclude Include="Include\Infra\Detail\allocatorstringstorage.h">
      <Filter>Generated Files</Filter>
    </ClInclude>
    <ClInclude Include="Include\Infra\Detail\atomic_count.hpp">
      <Filter>Header Files</Filter>
    </ClInclude>
    <ClInclude Include="Include\Infra\Detail\atomic_count_gcc.hpp">
      <Filter>Header Files</Filter>
    </ClInclude>
    <ClInclude Include="Include\Infra\Detail\atomic_count_gcc_x86.hpp">
      <Filter>Header Files</Filter>
    </ClInclude>
    <ClInclude Include="Include\Infra\Detail\atomic_count_pthreads.hpp">
      <Filter>Header Files</Filter>
    </ClInclude>
    <ClInclude Include="Include\Infra\Detail\atomic_count_solaris.hpp">
      <Filter>Header Files</Filter>
    </ClInclude>
    <ClInclude Include="Include\Infra\Detail\atomic_count_sync.hpp">
      <Filter>Header Files</Filter>
    </ClInclude>
    <ClInclude Include="Include\Infra\Detail\atomic_count_win32.hpp">
      <Filter>Header Files</Filter>
    </ClInclude>
    <ClInclude Include="Include\Infra\Detail\atomic_count_win64.hpp">
      <Filter>Header Files</Filter>
    </ClInclude>
    <ClInclude Include="Include\Infra\Detail\construct.h">
      <Filter>Generated Files</Filter>
    </ClInclude>
    <ClInclude Include="Include\Infra\Detail\cowstringopt.h">
      <Filter>Generated Files</Filter>
    </ClInclude>
    <ClInclude Include="Include\Infra\Detail\flex_string.h">
      <Filter>Generated Files</Filter>
    </ClInclude>
    <ClInclude Include="Include\Infra\Detail\flex_string_details.h">
      <Filter>Generated Files</Filter>
    </ClInclude>
    <ClInclude Include="Include\Infra\Detail\flex_string_shell.h">
      <Filter>Generated Files</Filter>
    </ClInclude>
    <ClInclude Include="Include\Infra\Detail\ministringstorage.h">
      <Filter>Generated Files</Filter>
    </ClInclude>
    <ClInclude Include="Include\Infra\Detail\pp.hpp">
      <Filter>Header Files</Filter>
    </ClInclude>
    <ClInclude Include="Include\Infra\Detail\pp_gcc.hpp">
      <Filter>Header Files</Filter>
    </ClInclude>
    <ClInclude Include="Include\Infra\Detail\pp_msvc.hpp">
      <Filter>Header Files</Filter>
    </ClInclude>
    <ClInclude Include="Include\Infra\Detail\simplestringstorage.h">
      <Filter>Generated Files</Filter>
    </ClInclude>
    <ClInclude Include="Include\Infra\Detail\smallstringopt.h">
      <Filter>Generated Files</Filter>
    </ClInclude>
    <ClInclude Include="Include\Infra\Detail\vectorstringstorage.h">
      <Filter>Generated Files</Filter>
    </ClInclude>
    <ClInclude Include="Include\Infra\Types\IntTypes.h">
      <Filter>Generated Files</Filter>
    </ClInclude>
    <ClInclude Include="Include\Infra\Types\Types.h">
      <Filter>Generated Files</Filter>
    </ClInclude>
    <ClInclude Include="Include\Infra\Allocator.h">
      <Filter>Generated Files</Filter>
    </ClInclude>
    <ClInclude Include="Include\Infra\Assert.h">
      <Filter>Generated Files</Filter>
    </ClInclude>
    <ClInclude Include="Include\Infra\AtomicCount.h">
      <Filter>Generated Files</Filter>
    </ClInclude>
    <ClInclude Include="Include\Infra\CString.h">
      <Filter>Generated Files</Filter>
    </ClInclude>
    <ClInclude Include="Include\Infra\Defs.h">
      <Filter>Generated Files</Filter>
    </ClInclude>
    <ClInclude Include="Include\Infra\Error.h">
      <Filter>Generated Files</Filter>
    </ClInclude>
    <ClInclude Include="Include\Infra\File.h">
      <Filter>Generated Files</Filter>
    </ClInclude>
    <ClInclude Include="Include\Infra\Function.h">
      <Filter>Generated Files</Filter>
    </ClInclude>
    <ClInclude Include="Include\Infra\FunctionTemplate.h">
      <Filter>Generated Files</Filter>
    </ClInclude>
    <ClInclude Include="Include\Infra\Guard.h">
      <Filter>Generated Files</Filter>
    </ClInclude>
    <ClInclude Include="Include\Infra\IntTypes.h">
      <Filter>Generated Files</Filter>
    </ClInclude>
    <ClInclude Include="Include\Infra\Mutex.h">
      <Filter>Generated Files</Filter>
    </ClInclude>
    <ClInclude Include="Include\Infra\PreProcessor.h">
      <Filter>Generated Files</Filter>
    </ClInclude>
    <ClInclude Include="Include\Infra\PrintLog.h">
      <Filter>Generated Files</Filter>
    </ClInclude>
    <ClInclude Include="Include\Infra\ReadWriteMutex.h">
      <Filter>Generated Files</Filter>
    </ClInclude>
    <ClInclude Include="Include\Infra\RecursiveMutex.h">
      <Filter>Generated Files</Filter>
    </ClInclude>
    <ClInclude Include="Include\Infra\Semaphore.h">
      <Filter>Generated Files</Filter>
    </ClInclude>
    <ClInclude Include="Include\Infra\Signal.h">
      <Filter>Generated Files</Filter>
    </ClInclude>
    <ClInclude Include="Include\Infra\SignalTemplate.h">
      <Filter>Generated Files</Filter>
    </ClInclude>
    <ClInclude Include="Include\Infra\StaticAssert.h">
      <Filter>Generated Files</Filter>
    </ClInclude>
    <ClInclude Include="Include\Infra\String.h">
      <Filter>Generated Files</Filter>
    </ClInclude>
    <ClInclude Include="Include\Infra\System.h">
      <Filter>Generated Files</Filter>
    </ClInclude>
    <ClInclude Include="Include\Infra\Thread.h">
      <Filter>Generated Files</Filter>
    </ClInclude>
    <ClInclude Include="Include\Infra\ThreadSpecific.h">
      <Filter>Generated Files</Filter>
    </ClInclude>
    <ClInclude Include="Include\Infra\Time.h">
      <Filter>Generated Files</Filter>
    </ClInclude>
    <ClInclude Include="Include\Infra\Timer.h">
      <Filter>Generated Files</Filter>
    </ClInclude>
    <ClInclude Include="Include\Infra\Types.h">
      <Filter>Generated Files</Filter>
    </ClInclude>
    <ClInclude Include="Include\Infra\Vector.h">
      <Filter>Generated Files</Filter>
    </ClInclude>
    <ClInclude Include="Include\Infra\Version.h">
      <Filter>Generated Files</Filter>
    </ClInclude>
    <ClInclude Include="Include\Media\Defs.h">
      <Filter>Generated Files</Filter>
    </ClInclude>
    <ClInclude Include="Include\Media\ImageConvert.h">
      <Filter>Generated Files</Filter>
    </ClInclude>
    <ClInclude Include="Include\Media\VideoRender.h">
      <Filter>Generated Files</Filter>
    </ClInclude>
    <ClInclude Include="Include\Memory\Detail\sp_counted_base\sp_counted_base.h">
      <Filter>Generated Files</Filter>
    </ClInclude>
    <ClInclude Include="Include\Memory\Detail\sp_counted_base\sp_counted_base_gcc_ia64.hpp">
      <Filter>Header Files</Filter>
    </ClInclude>
    <ClInclude Include="Include\Memory\Detail\sp_counted_base\sp_counted_base_gcc_x86.hpp">
      <Filter>Header Files</Filter>
    </ClInclude>
    <ClInclude Include="Include\Memory\Detail\sp_counted_base\sp_counted_base_impl.hpp">
      <Filter>Header Files</Filter>
    </ClInclude>
    <ClInclude Include="Include\Memory\Detail\sp_counted_base\sp_counted_base_w32.hpp">
      <Filter>Header Files</Filter>
    </ClInclude>
    <ClInclude Include="Include\Memory\Detail\checked_delete.hpp">
      <Filter>Header Files</Filter>
    </ClInclude>
    <ClInclude Include="Include\Memory\Detail\MemPool.h">
      <Filter>Generated Files</Filter>
    </ClInclude>
    <ClInclude Include="Include\Memory\Detail\shared_count.h">
      <Filter>Generated Files</Filter>
    </ClInclude>
    <ClInclude Include="Include\Memory\Detail\singleton.h">
      <Filter>Generated Files</Filter>
    </ClInclude>
    <ClInclude Include="Include\Memory\Detail\singleton_pool.h">
      <Filter>Generated Files</Filter>
    </ClInclude>
    <ClInclude Include="Include\Memory\Detail\smartptr_detail.h">
      <Filter>Generated Files</Filter>
    </ClInclude>
    <ClInclude Include="Include\Memory\Detail\sp_counted_base.hpp">
      <Filter>Header Files</Filter>
    </ClInclude>
    <ClInclude Include="Include\Memory\Detail\sp_counted_impl.hpp">
      <Filter>Header Files</Filter>
    </ClInclude>
    <ClInclude Include="Include\Memory\Block.h">
      <Filter>Generated Files</Filter>
    </ClInclude>
    <ClInclude Include="Include\Memory\Buffer.h">
      <Filter>Generated Files</Filter>
    </ClInclude>
    <ClInclude Include="Include\Memory\Defs.h">
      <Filter>Generated Files</Filter>
    </ClInclude>
    <ClInclude Include="Include\Memory\EnableSharedFromThis.h">
      <Filter>Generated Files</Filter>
    </ClInclude>
    <ClInclude Include="Include\Memory\Packet.h">
      <Filter>Generated Files</Filter>
    </ClInclude>
    <ClInclude Include="Include\Memory\PoolAllocator.h">
      <Filter>Generated Files</Filter>
    </ClInclude>
    <ClInclude Include="Include\Memory\RefCount.h">
      <Filter>Generated Files</Filter>
    </ClInclude>
    <ClInclude Include="Include\Memory\ScopedPtr.h">
      <Filter>Generated Files</Filter>
    </ClInclude>
    <ClInclude Include="Include\Memory\SharedPtr.h">
      <Filter>Generated Files</Filter>
    </ClInclude>
    <ClInclude Include="Include\Memory\SharePacketHelper.h">
      <Filter>Generated Files</Filter>
    </ClInclude>
    <ClInclude Include="Include\Memory\SmartObjectPtr.h">
      <Filter>Generated Files</Filter>
    </ClInclude>
    <ClInclude Include="Include\Memory\WeakPtr.h">
      <Filter>Generated Files</Filter>
    </ClInclude>
    <ClInclude Include="Src\MessageQue.h">
      <Filter>Generated Files</Filter>
    </ClInclude>
    <ClInclude Include="..\bookdetection\bookdetectinwithYOLOCamera\MySerialport.h">
      <Filter>Generated Files</Filter>
    </ClInclude>
    <ClInclude Include="Src\MySerialport.h">
      <Filter>Generated Files</Filter>
    </ClInclude>
    <ClInclude Include="Src\Config.h">
      <Filter>Generated Files</Filter>
    </ClInclude>
  </ItemGroup>
  <ItemGroup>
    <None Include="readme.md" />
  </ItemGroup>
  <ItemGroup>
    <Image Include="Img\1.png" />
  </ItemGroup>
</Project>